
Microsoft Visual Studio Solution File, Format Version 12.00
# Visual Studio Version 17
VisualStudioVersion = 17.0.31903.59
MinimumVisualStudioVersion = 10.0.40219.1
Project("{FAE04EC0-301F-11D3-BF4B-00C04F79EFBC}") = "LinkaPay.Domain", "LinkaPay.Domain\LinkaPay.Domain.csproj", "{A348F508-E0AF-4401-B470-249C74F766EE}"
EndProject
Project("{FAE04EC0-301F-11D3-BF4B-00C04F79EFBC}") = "LinkaPay.Application", "LinkaPay.Application\LinkaPay.Application.csproj", "{A761733B-DDAF-4D9B-87FF-EAEE5BE4E793}"
EndProject
Project("{FAE04EC0-301F-11D3-BF4B-00C04F79EFBC}") = "LinkaPay.Infrastructure", "LinkaPay.Infrastructure\LinkaPay.Infrastructure.csproj", "{6585EED2-1E33-448C-9DB0-9A4EE29B430A}"
EndProject
Project("{FAE04EC0-301F-11D3-BF4B-00C04F79EFBC}") = "LinkaPay.API", "LinkaPay.API\LinkaPay.API.csproj", "{45CD4796-260F-4DC9-8418-F452BF9D469C}"
EndProject
Project("{FAE04EC0-301F-11D3-BF4B-00C04F79EFBC}") = "LinkaPay.Tests", "LinkaPay.Tests\LinkaPay.Tests.csproj", "{BFD834A4-B1E0-40F5-8EBF-BB0DFF8EB771}"
EndProject
Global
	GlobalSection(SolutionConfigurationPlatforms) = preSolution
		Debug|Any CPU = Debug|Any CPU
		Release|Any CPU = Release|Any CPU
	EndGlobalSection
	GlobalSection(SolutionProperties) = preSolution
		HideSolutionNode = FALSE
	EndGlobalSection
	GlobalSection(ProjectConfigurationPlatforms) = postSolution
		{A348F508-E0AF-4401-B470-249C74F766EE}.Debug|Any CPU.ActiveCfg = Debug|Any CPU
		{A348F508-E0AF-4401-B470-249C74F766EE}.Debug|Any CPU.Build.0 = Debug|Any CPU
		{A348F508-E0AF-4401-B470-249C74F766EE}.Release|Any CPU.ActiveCfg = Release|Any CPU
		{A348F508-E0AF-4401-B470-249C74F766EE}.Release|Any CPU.Build.0 = Release|Any CPU
		{A761733B-DDAF-4D9B-87FF-EAEE5BE4E793}.Debug|Any CPU.ActiveCfg = Debug|Any CPU
		{A761733B-DDAF-4D9B-87FF-EAEE5BE4E793}.Debug|Any CPU.Build.0 = Debug|Any CPU
		{A761733B-DDAF-4D9B-87FF-EAEE5BE4E793}.Release|Any CPU.ActiveCfg = Release|Any CPU
		{A761733B-DDAF-4D9B-87FF-EAEE5BE4E793}.Release|Any CPU.Build.0 = Release|Any CPU
		{6585EED2-1E33-448C-9DB0-9A4EE29B430A}.Debug|Any CPU.ActiveCfg = Debug|Any CPU
		{6585EED2-1E33-448C-9DB0-9A4EE29B430A}.Debug|Any CPU.Build.0 = Debug|Any CPU
		{6585EED2-1E33-448C-9DB0-9A4EE29B430A}.Release|Any CPU.ActiveCfg = Release|Any CPU
		{6585EED2-1E33-448C-9DB0-9A4EE29B430A}.Release|Any CPU.Build.0 = Release|Any CPU
		{45CD4796-260F-4DC9-8418-F452BF9D469C}.Debug|Any CPU.ActiveCfg = Debug|Any CPU
		{45CD4796-260F-4DC9-8418-F452BF9D469C}.Debug|Any CPU.Build.0 = Debug|Any CPU
		{45CD4796-260F-4DC9-8418-F452BF9D469C}.Release|Any CPU.ActiveCfg = Release|Any CPU
		{45CD4796-260F-4DC9-8418-F452BF9D469C}.Release|Any CPU.Build.0 = Release|Any CPU
		{BFD834A4-B1E0-40F5-8EBF-BB0DFF8EB771}.Debug|Any CPU.ActiveCfg = Debug|Any CPU
		{BFD834A4-B1E0-40F5-8EBF-BB0DFF8EB771}.Debug|Any CPU.Build.0 = Debug|Any CPU
		{BFD834A4-B1E0-40F5-8EBF-BB0DFF8EB771}.Release|Any CPU.ActiveCfg = Release|Any CPU
		{BFD834A4-B1E0-40F5-8EBF-BB0DFF8EB771}.Release|Any CPU.Build.0 = Release|Any CPU
	EndGlobalSection
EndGlobal
